
Microsoft Visual Studio Solution File, Format Version 12.00
# Visual Studio 2012
Project("{FAE04EC0-301F-11D3-BF4B-00C04F79EFBC}") = "Blocks.Tridion.ECL.YouTube", "Blocks.Tridion.ECL.YouTube\Blocks.Tridion.ECL.YouTube.csproj", "{CD8AF2B3-C9A5-4555-A208-C2EC022E3771}"
EndProject
Project("{FAE04EC0-301F-11D3-BF4B-00C04F79EFBC}") = "Blocks.Tridion.ECL.YouTube.Tests", "Blocks.Tridion.ECL.YouTube.Tests\Blocks.Tridion.ECL.YouTube.Tests.csproj", "{2838F3A7-1E3B-4E05-B03C-4D3062D982CD}"
EndProject
Global
	GlobalSection(SolutionConfigurationPlatforms) = preSolution
		Debug|Any CPU = Debug|Any CPU
		Release|Any CPU = Release|Any CPU
	EndGlobalSection
	GlobalSection(ProjectConfigurationPlatforms) = postSolution
		{CD8AF2B3-C9A5-4555-A208-C2EC022E3771}.Debug|Any CPU.ActiveCfg = Debug|Any CPU
		{CD8AF2B3-C9A5-4555-A208-C2EC022E3771}.Debug|Any CPU.Build.0 = Debug|Any CPU
		{CD8AF2B3-C9A5-4555-A208-C2EC022E3771}.Release|Any CPU.ActiveCfg = Release|Any CPU
		{CD8AF2B3-C9A5-4555-A208-C2EC022E3771}.Release|Any CPU.Build.0 = Release|Any CPU
		{2838F3A7-1E3B-4E05-B03C-4D3062D982CD}.Debug|Any CPU.ActiveCfg = Debug|Any CPU
		{2838F3A7-1E3B-4E05-B03C-4D3062D982CD}.Debug|Any CPU.Build.0 = Debug|Any CPU
		{2838F3A7-1E3B-4E05-B03C-4D3062D982CD}.Release|Any CPU.ActiveCfg = Release|Any CPU
		{2838F3A7-1E3B-4E05-B03C-4D3062D982CD}.Release|Any CPU.Build.0 = Release|Any CPU
	EndGlobalSection
	GlobalSection(SolutionProperties) = preSolution
		HideSolutionNode = FALSE
	EndGlobalSection
EndGlobal
